
Microsoft Visual Studio Solution File, Format Version 12.00
# Visual Studio Version 16
VisualStudioVersion = 16.0.30907.101
MinimumVisualStudioVersion = 10.0.40219.1
Project("{FAE04EC0-301F-11D3-BF4B-00C04F79EFBC}") = "AStar-Route", "AStar-Route.csproj", "{0FBB6372-C4D7-48DD-AEFE-CD158452B3DE}"
EndProject
Global
	GlobalSection(SolutionConfigurationPlatforms) = preSolution
		Debug|Any CPU = Debug|Any CPU
		Release|Any CPU = Release|Any CPU
	EndGlobalSection
	GlobalSection(ProjectConfigurationPlatforms) = postSolution
		{0FBB6372-C4D7-48DD-AEFE-CD158452B3DE}.Debug|Any CPU.ActiveCfg = Debug|Any CPU
		{0FBB6372-C4D7-48DD-AEFE-CD158452B3DE}.Debug|Any CPU.Build.0 = Debug|Any CPU
		{0FBB6372-C4D7-48DD-AEFE-CD158452B3DE}.Release|Any CPU.ActiveCfg = Release|Any CPU
		{0FBB6372-C4D7-48DD-AEFE-CD158452B3DE}.Release|Any CPU.Build.0 = Release|Any CPU
	EndGlobalSection
	GlobalSection(SolutionProperties) = preSolution
		HideSolutionNode = FALSE
	EndGlobalSection
	GlobalSection(ExtensibilityGlobals) = postSolution
		SolutionGuid = {4F5F5C40-41C1-4905-B431-3F2F5DF45AF8}
	EndGlobalSection
EndGlobal
